
Microsoft Visual Studio Solution File, Format Version 12.00
# Visual Studio Version 17
VisualStudioVersion = 17.7.34031.279
MinimumVisualStudioVersion = 10.0.40219.1
Project("{FAE04EC0-301F-11D3-BF4B-00C04F79EFBC}") = "CervezasColombia_CS_API_Mongo", "CervezasColombia_CS_API_Mongo\CervezasColombia_CS_API_Mongo.csproj", "{A3DEA6E9-687B-4606-A86F-F786ABB93182}"
EndProject
Global
	GlobalSection(SolutionConfigurationPlatforms) = preSolution
		Debug|Any CPU = Debug|Any CPU
		Release|Any CPU = Release|Any CPU
	EndGlobalSection
	GlobalSection(ProjectConfigurationPlatforms) = postSolution
		{A3DEA6E9-687B-4606-A86F-F786ABB93182}.Debug|Any CPU.ActiveCfg = Debug|Any CPU
		{A3DEA6E9-687B-4606-A86F-F786ABB93182}.Debug|Any CPU.Build.0 = Debug|Any CPU
		{A3DEA6E9-687B-4606-A86F-F786ABB93182}.Release|Any CPU.ActiveCfg = Release|Any CPU
		{A3DEA6E9-687B-4606-A86F-F786ABB93182}.Release|Any CPU.Build.0 = Release|Any CPU
	EndGlobalSection
	GlobalSection(SolutionProperties) = preSolution
		HideSolutionNode = FALSE
	EndGlobalSection
	GlobalSection(ExtensibilityGlobals) = postSolution
		SolutionGuid = {04C42EB0-2AA2-42FA-B633-DD9BB72B2747}
	EndGlobalSection
EndGlobal
