
Microsoft Visual Studio Solution File, Format Version 12.00
# Visual Studio Version 17
VisualStudioVersion = 17.7.34024.191
MinimumVisualStudioVersion = 10.0.40219.1
Project("{FAE04EC0-301F-11D3-BF4B-00C04F79EFBC}") = "CervezasColombia_CS_PoC_Consola", "CervezasColombia_CS_PoC_Consola\CervezasColombia_CS_PoC_Consola.csproj", "{3431230D-FA77-471F-85E8-77F0D8E5B5FB}"
EndProject
Global
	GlobalSection(SolutionConfigurationPlatforms) = preSolution
		Debug|Any CPU = Debug|Any CPU
		Release|Any CPU = Release|Any CPU
	EndGlobalSection
	GlobalSection(ProjectConfigurationPlatforms) = postSolution
		{3431230D-FA77-471F-85E8-77F0D8E5B5FB}.Debug|Any CPU.ActiveCfg = Debug|Any CPU
		{3431230D-FA77-471F-85E8-77F0D8E5B5FB}.Debug|Any CPU.Build.0 = Debug|Any CPU
		{3431230D-FA77-471F-85E8-77F0D8E5B5FB}.Release|Any CPU.ActiveCfg = Release|Any CPU
		{3431230D-FA77-471F-85E8-77F0D8E5B5FB}.Release|Any CPU.Build.0 = Release|Any CPU
	EndGlobalSection
	GlobalSection(SolutionProperties) = preSolution
		HideSolutionNode = FALSE
	EndGlobalSection
	GlobalSection(ExtensibilityGlobals) = postSolution
		SolutionGuid = {98899018-5870-43A5-B570-50ADC5698CF6}
	EndGlobalSection
EndGlobal
