
Microsoft Visual Studio Solution File, Format Version 12.00
# Visual Studio Version 17
VisualStudioVersion = 17.5.002.0
MinimumVisualStudioVersion = 10.0.40219.1
Project("{9A19103F-16F7-4668-BE54-9A1E7A4F7556}") = "CervezasColombia_CS_API_SQLite_Dapper", "CervezasColombia_CS_API_SQLite_Dapper.csproj", "{DFC78C13-5263-4745-B5B1-0D50C0ABDDE4}"
EndProject
Global
	GlobalSection(SolutionConfigurationPlatforms) = preSolution
		Debug|Any CPU = Debug|Any CPU
		Release|Any CPU = Release|Any CPU
	EndGlobalSection
	GlobalSection(ProjectConfigurationPlatforms) = postSolution
		{DFC78C13-5263-4745-B5B1-0D50C0ABDDE4}.Debug|Any CPU.ActiveCfg = Debug|Any CPU
		{DFC78C13-5263-4745-B5B1-0D50C0ABDDE4}.Debug|Any CPU.Build.0 = Debug|Any CPU
		{DFC78C13-5263-4745-B5B1-0D50C0ABDDE4}.Release|Any CPU.ActiveCfg = Release|Any CPU
		{DFC78C13-5263-4745-B5B1-0D50C0ABDDE4}.Release|Any CPU.Build.0 = Release|Any CPU
	EndGlobalSection
	GlobalSection(SolutionProperties) = preSolution
		HideSolutionNode = FALSE
	EndGlobalSection
	GlobalSection(ExtensibilityGlobals) = postSolution
		SolutionGuid = {2B209CD1-F2B1-48D6-A40E-D7F3B295D34A}
	EndGlobalSection
EndGlobal
