
Microsoft Visual Studio Solution File, Format Version 12.00
# Visual Studio Version 17
VisualStudioVersion = 17.7.34202.233
MinimumVisualStudioVersion = 10.0.40219.1
Project("{FAE04EC0-301F-11D3-BF4B-00C04F79EFBC}") = "CervezasColombia_NoSQL_WindowsForms", "CervezasColombia_NoSQL_WindowsForms\CervezasColombia_NoSQL_WindowsForms.csproj", "{4C35454A-FBE7-4F83-81BC-66462D283BBC}"
EndProject
Global
	GlobalSection(SolutionConfigurationPlatforms) = preSolution
		Debug|Any CPU = Debug|Any CPU
		Release|Any CPU = Release|Any CPU
	EndGlobalSection
	GlobalSection(ProjectConfigurationPlatforms) = postSolution
		{4C35454A-FBE7-4F83-81BC-66462D283BBC}.Debug|Any CPU.ActiveCfg = Debug|Any CPU
		{4C35454A-FBE7-4F83-81BC-66462D283BBC}.Debug|Any CPU.Build.0 = Debug|Any CPU
		{4C35454A-FBE7-4F83-81BC-66462D283BBC}.Release|Any CPU.ActiveCfg = Release|Any CPU
		{4C35454A-FBE7-4F83-81BC-66462D283BBC}.Release|Any CPU.Build.0 = Release|Any CPU
	EndGlobalSection
	GlobalSection(SolutionProperties) = preSolution
		HideSolutionNode = FALSE
	EndGlobalSection
	GlobalSection(ExtensibilityGlobals) = postSolution
		SolutionGuid = {02AB7E02-1C81-438B-8AF4-164EE1336902}
	EndGlobalSection
EndGlobal
