
Microsoft Visual Studio Solution File, Format Version 12.00
# Visual Studio Version 17
VisualStudioVersion = 17.7.34031.279
MinimumVisualStudioVersion = 10.0.40219.1
Project("{FAE04EC0-301F-11D3-BF4B-00C04F79EFBC}") = "CervezasColombia_CS_API_PostgreSQL_Dapper", "CervezasColombia_CS_API_PostgreSQL_Dapper\CervezasColombia_CS_API_PostgreSQL_Dapper.csproj", "{87059A6B-3C0B-4DE4-A210-DF88F65E0B85}"
EndProject
Global
	GlobalSection(SolutionConfigurationPlatforms) = preSolution
		Debug|Any CPU = Debug|Any CPU
		Release|Any CPU = Release|Any CPU
	EndGlobalSection
	GlobalSection(ProjectConfigurationPlatforms) = postSolution
		{87059A6B-3C0B-4DE4-A210-DF88F65E0B85}.Debug|Any CPU.ActiveCfg = Debug|Any CPU
		{87059A6B-3C0B-4DE4-A210-DF88F65E0B85}.Debug|Any CPU.Build.0 = Debug|Any CPU
		{87059A6B-3C0B-4DE4-A210-DF88F65E0B85}.Release|Any CPU.ActiveCfg = Release|Any CPU
		{87059A6B-3C0B-4DE4-A210-DF88F65E0B85}.Release|Any CPU.Build.0 = Release|Any CPU
	EndGlobalSection
	GlobalSection(SolutionProperties) = preSolution
		HideSolutionNode = FALSE
	EndGlobalSection
	GlobalSection(ExtensibilityGlobals) = postSolution
		SolutionGuid = {A88B1BCB-FA34-4125-B10A-95024ACEC772}
	EndGlobalSection
EndGlobal
